
Microsoft Visual Studio Solution File, Format Version 12.00
# Visual Studio 14
VisualStudioVersion = 14.0.23107.0
MinimumVisualStudioVersion = 10.0.40219.1
Project("{2150E333-8FDC-42A3-9474-1A3956D46DE8}") = ".paket", ".paket", "{1BC8CCC5-A84A-41BA-9392-19501F24FF78}"
	ProjectSection(SolutionItems) = preProject
		paket.dependencies = paket.dependencies
	EndProjectSection
EndProject
Project("{F2A71F9B-5D33-465A-A702-920D77279786}") = "Persimmon.Ripe", "src\Persimmon.Ripe\Persimmon.Ripe.fsproj", "{FB706671-5FE0-47E2-B1B5-879D651FB653}"
EndProject
Project("{F2A71F9B-5D33-465A-A702-920D77279786}") = "Persimmon.Ripe.Tests", "tests\Persimmon.Ripe.Tests\Persimmon.Ripe.Tests.fsproj", "{6785B042-4B57-4C95-869E-9CE06AC53395}"
EndProject
Project("{F2A71F9B-5D33-465A-A702-920D77279786}") = "Persimmon.Ripe.RabbitMQ.Console", "examples\Persimmon.Ripe.RabbitMQ.Console\Persimmon.Ripe.RabbitMQ.Console.fsproj", "{BDAEB4EE-4446-4B57-AD53-E78DF4277535}"
EndProject
Project("{F2A71F9B-5D33-465A-A702-920D77279786}") = "Persimmon.Ripe.RabbitMQ.Worker", "examples\Persimmon.Ripe.RabbitMQ.Worker\Persimmon.Ripe.RabbitMQ.Worker.fsproj", "{2BD6FF2B-A7AD-4E5F-BA7F-C13D01EA5056}"
EndProject
Project("{F2A71F9B-5D33-465A-A702-920D77279786}") = "Persimmon.Ripe.RabbitMQ", "src\Persimmon.Ripe.RabbitMQ\Persimmon.Ripe.RabbitMQ.fsproj", "{7FB817B9-D3A0-4772-A04A-1AFF163926B9}"
EndProject
Project("{F2A71F9B-5D33-465A-A702-920D77279786}") = "Persimmon.Ripe.AzureServiceBus", "src\Persimmon.Ripe.AzureServiceBus\Persimmon.Ripe.AzureServiceBus.fsproj", "{05026219-B9F5-42DB-AED3-26BC10009A67}"
EndProject
Project("{2150E333-8FDC-42A3-9474-1A3956D46DE8}") = "examples", "examples", "{EC57C494-9DA7-495E-AB19-3580DA0B62C6}"
EndProject
Global
	GlobalSection(SolutionConfigurationPlatforms) = preSolution
		Debug|Any CPU = Debug|Any CPU
		Release|Any CPU = Release|Any CPU
	EndGlobalSection
	GlobalSection(ProjectConfigurationPlatforms) = postSolution
		{FB706671-5FE0-47E2-B1B5-879D651FB653}.Debug|Any CPU.ActiveCfg = Debug|Any CPU
		{FB706671-5FE0-47E2-B1B5-879D651FB653}.Debug|Any CPU.Build.0 = Debug|Any CPU
		{FB706671-5FE0-47E2-B1B5-879D651FB653}.Release|Any CPU.ActiveCfg = Release|Any CPU
		{FB706671-5FE0-47E2-B1B5-879D651FB653}.Release|Any CPU.Build.0 = Release|Any CPU
		{6785B042-4B57-4C95-869E-9CE06AC53395}.Debug|Any CPU.ActiveCfg = Debug|Any CPU
		{6785B042-4B57-4C95-869E-9CE06AC53395}.Debug|Any CPU.Build.0 = Debug|Any CPU
		{6785B042-4B57-4C95-869E-9CE06AC53395}.Release|Any CPU.ActiveCfg = Release|Any CPU
		{6785B042-4B57-4C95-869E-9CE06AC53395}.Release|Any CPU.Build.0 = Release|Any CPU
		{BDAEB4EE-4446-4B57-AD53-E78DF4277535}.Debug|Any CPU.ActiveCfg = Debug|Any CPU
		{BDAEB4EE-4446-4B57-AD53-E78DF4277535}.Debug|Any CPU.Build.0 = Debug|Any CPU
		{BDAEB4EE-4446-4B57-AD53-E78DF4277535}.Release|Any CPU.ActiveCfg = Release|Any CPU
		{BDAEB4EE-4446-4B57-AD53-E78DF4277535}.Release|Any CPU.Build.0 = Release|Any CPU
		{2BD6FF2B-A7AD-4E5F-BA7F-C13D01EA5056}.Debug|Any CPU.ActiveCfg = Debug|Any CPU
		{2BD6FF2B-A7AD-4E5F-BA7F-C13D01EA5056}.Debug|Any CPU.Build.0 = Debug|Any CPU
		{2BD6FF2B-A7AD-4E5F-BA7F-C13D01EA5056}.Release|Any CPU.ActiveCfg = Release|Any CPU
		{2BD6FF2B-A7AD-4E5F-BA7F-C13D01EA5056}.Release|Any CPU.Build.0 = Release|Any CPU
		{7FB817B9-D3A0-4772-A04A-1AFF163926B9}.Debug|Any CPU.ActiveCfg = Debug|Any CPU
		{7FB817B9-D3A0-4772-A04A-1AFF163926B9}.Debug|Any CPU.Build.0 = Debug|Any CPU
		{7FB817B9-D3A0-4772-A04A-1AFF163926B9}.Release|Any CPU.ActiveCfg = Release|Any CPU
		{7FB817B9-D3A0-4772-A04A-1AFF163926B9}.Release|Any CPU.Build.0 = Release|Any CPU
		{05026219-B9F5-42DB-AED3-26BC10009A67}.Debug|Any CPU.ActiveCfg = Debug|Any CPU
		{05026219-B9F5-42DB-AED3-26BC10009A67}.Debug|Any CPU.Build.0 = Debug|Any CPU
		{05026219-B9F5-42DB-AED3-26BC10009A67}.Release|Any CPU.ActiveCfg = Release|Any CPU
		{05026219-B9F5-42DB-AED3-26BC10009A67}.Release|Any CPU.Build.0 = Release|Any CPU
	EndGlobalSection
	GlobalSection(SolutionProperties) = preSolution
		HideSolutionNode = FALSE
	EndGlobalSection
	GlobalSection(NestedProjects) = preSolution
		{BDAEB4EE-4446-4B57-AD53-E78DF4277535} = {EC57C494-9DA7-495E-AB19-3580DA0B62C6}
		{2BD6FF2B-A7AD-4E5F-BA7F-C13D01EA5056} = {EC57C494-9DA7-495E-AB19-3580DA0B62C6}
	EndGlobalSection
EndGlobal
